
Microsoft Visual Studio Solution File, Format Version 12.00
# Visual Studio Version 17
VisualStudioVersion = 17.6.33829.357
MinimumVisualStudioVersion = 10.0.40219.1
Project("{8BC9CEB8-8B4A-11D0-8D11-00A0C91BC942}") = "BlackScholes", "BlackScholes\BlackScholes.vcxproj", "{BA17B156-CB9A-4048-A65A-1A900B7C4BA7}"
EndProject
Project("{8BC9CEB8-8B4A-11D0-8D11-00A0C91BC942}") = "Binomial", "Binomial\Binomial.vcxproj", "{48E80170-B574-4EA2-970A-997553801055}"
EndProject
Global
	GlobalSection(SolutionConfigurationPlatforms) = preSolution
		Debug|x64 = Debug|x64
		Debug|x86 = Debug|x86
		Release|x64 = Release|x64
		Release|x86 = Release|x86
	EndGlobalSection
	GlobalSection(ProjectConfigurationPlatforms) = postSolution
		{BA17B156-CB9A-4048-A65A-1A900B7C4BA7}.Debug|x64.ActiveCfg = Debug|x64
		{BA17B156-CB9A-4048-A65A-1A900B7C4BA7}.Debug|x64.Build.0 = Debug|x64
		{BA17B156-CB9A-4048-A65A-1A900B7C4BA7}.Debug|x86.ActiveCfg = Debug|Win32
		{BA17B156-CB9A-4048-A65A-1A900B7C4BA7}.Debug|x86.Build.0 = Debug|Win32
		{BA17B156-CB9A-4048-A65A-1A900B7C4BA7}.Release|x64.ActiveCfg = Release|x64
		{BA17B156-CB9A-4048-A65A-1A900B7C4BA7}.Release|x64.Build.0 = Release|x64
		{BA17B156-CB9A-4048-A65A-1A900B7C4BA7}.Release|x86.ActiveCfg = Release|Win32
		{BA17B156-CB9A-4048-A65A-1A900B7C4BA7}.Release|x86.Build.0 = Release|Win32
		{48E80170-B574-4EA2-970A-997553801055}.Debug|x64.ActiveCfg = Debug|x64
		{48E80170-B574-4EA2-970A-997553801055}.Debug|x64.Build.0 = Debug|x64
		{48E80170-B574-4EA2-970A-997553801055}.Debug|x86.ActiveCfg = Debug|Win32
		{48E80170-B574-4EA2-970A-997553801055}.Debug|x86.Build.0 = Debug|Win32
		{48E80170-B574-4EA2-970A-997553801055}.Release|x64.ActiveCfg = Release|x64
		{48E80170-B574-4EA2-970A-997553801055}.Release|x64.Build.0 = Release|x64
		{48E80170-B574-4EA2-970A-997553801055}.Release|x86.ActiveCfg = Release|Win32
		{48E80170-B574-4EA2-970A-997553801055}.Release|x86.Build.0 = Release|Win32
	EndGlobalSection
	GlobalSection(SolutionProperties) = preSolution
		HideSolutionNode = FALSE
	EndGlobalSection
	GlobalSection(ExtensibilityGlobals) = postSolution
		SolutionGuid = {0C91B740-CE74-4A34-87DC-060FE8BFC0FC}
	EndGlobalSection
EndGlobal
